
Microsoft Visual Studio Solution File, Format Version 12.00
# Visual Studio Version 16
VisualStudioVersion = 16.0.30907.101
MinimumVisualStudioVersion = 10.0.40219.1
Project("{FAE04EC0-301F-11D3-BF4B-00C04F79EFBC}") = "ClassMetotDemo", "ClassMetotDemo\ClassMetotDemo.csproj", "{F1884D5E-EB4D-457B-9515-7D7D18E60E29}"
EndProject
Global
	GlobalSection(SolutionConfigurationPlatforms) = preSolution
		Debug|Any CPU = Debug|Any CPU
		Release|Any CPU = Release|Any CPU
	EndGlobalSection
	GlobalSection(ProjectConfigurationPlatforms) = postSolution
		{F1884D5E-EB4D-457B-9515-7D7D18E60E29}.Debug|Any CPU.ActiveCfg = Debug|Any CPU
		{F1884D5E-EB4D-457B-9515-7D7D18E60E29}.Debug|Any CPU.Build.0 = Debug|Any CPU
		{F1884D5E-EB4D-457B-9515-7D7D18E60E29}.Release|Any CPU.ActiveCfg = Release|Any CPU
		{F1884D5E-EB4D-457B-9515-7D7D18E60E29}.Release|Any CPU.Build.0 = Release|Any CPU
	EndGlobalSection
	GlobalSection(SolutionProperties) = preSolution
		HideSolutionNode = FALSE
	EndGlobalSection
	GlobalSection(ExtensibilityGlobals) = postSolution
		SolutionGuid = {30E20EBD-15F3-4ABE-AAF7-C8A9A62BEBCE}
	EndGlobalSection
EndGlobal
